
Microsoft Visual Studio Solution File, Format Version 12.00
# Visual Studio Version 17
VisualStudioVersion = 17.3.32922.545
MinimumVisualStudioVersion = 10.0.40219.1
Project("{FAE04EC0-301F-11D3-BF4B-00C04F79EFBC}") = "Assessment.AEM", "Assessment.AEM\Assessment.AEM.csproj", "{B51065DC-A2A9-4DF3-830F-A6FDD85068C5}"
EndProject
Global
	GlobalSection(SolutionConfigurationPlatforms) = preSolution
		Debug|Any CPU = Debug|Any CPU
		Release|Any CPU = Release|Any CPU
	EndGlobalSection
	GlobalSection(ProjectConfigurationPlatforms) = postSolution
		{B51065DC-A2A9-4DF3-830F-A6FDD85068C5}.Debug|Any CPU.ActiveCfg = Debug|Any CPU
		{B51065DC-A2A9-4DF3-830F-A6FDD85068C5}.Debug|Any CPU.Build.0 = Debug|Any CPU
		{B51065DC-A2A9-4DF3-830F-A6FDD85068C5}.Release|Any CPU.ActiveCfg = Release|Any CPU
		{B51065DC-A2A9-4DF3-830F-A6FDD85068C5}.Release|Any CPU.Build.0 = Release|Any CPU
	EndGlobalSection
	GlobalSection(SolutionProperties) = preSolution
		HideSolutionNode = FALSE
	EndGlobalSection
	GlobalSection(ExtensibilityGlobals) = postSolution
		SolutionGuid = {8177193D-DD4F-4BFC-8D56-1DF4A5C269E1}
	EndGlobalSection
EndGlobal
